// !$*UTF8*$!
{
	archiveVersion = 1;
	classes = {
	};
	objectVersion = 46;
	objects = {

/* Begin PBXBuildFile section */
		B9D6555EC67C5A414B336163 /* Pods_AskMax_iOS.framework in Frameworks */ = {isa = PBXBuildFile; fileRef = 9D0DFC68D237BEEBA66FAFD3 /* Pods_AskMax_iOS.framework */; };
		FEE046461C63FE56005269B6 /* AppDelegate.swift in Sources */ = {isa = PBXBuildFile; fileRef = FEE046451C63FE56005269B6 /* AppDelegate.swift */; };
		FEE046481C63FE56005269B6 /* ViewController.swift in Sources */ = {isa = PBXBuildFile; fileRef = FEE046471C63FE56005269B6 /* ViewController.swift */; };
		FEE0464B1C63FE56005269B6 /* Main.storyboard in Resources */ = {isa = PBXBuildFile; fileRef = FEE046491C63FE56005269B6 /* Main.storyboard */; };
		FEE0464D1C63FE56005269B6 /* Assets.xcassets in Resources */ = {isa = PBXBuildFile; fileRef = FEE0464C1C63FE56005269B6 /* Assets.xcassets */; };
		FEE046501C63FE56005269B6 /* LaunchScreen.storyboard in Resources */ = {isa = PBXBuildFile; fileRef = FEE0464E1C63FE56005269B6 /* LaunchScreen.storyboard */; };
		FEE0465B1C63FE56005269B6 /* AskMax_iOSTests.swift in Sources */ = {isa = PBXBuildFile; fileRef = FEE0465A1C63FE56005269B6 /* AskMax_iOSTests.swift */; };
		FEE0466A1C640E04005269B6 /* common in Resources */ = {isa = PBXBuildFile; fileRef = FEE046691C640E04005269B6 /* common */; };
		FEEF73491C8F8721003C246D /* Coordinate.swift in Sources */ = {isa = PBXBuildFile; fileRef = FEEF73461C8F8721003C246D /* Coordinate.swift */; };
		FEEF734A1C8F8721003C246D /* DatabaseJSON.swift in Sources */ = {isa = PBXBuildFile; fileRef = FEEF73471C8F8721003C246D /* DatabaseJSON.swift */; };
		FEEF734B1C8F8721003C246D /* Location.swift in Sources */ = {isa = PBXBuildFile; fileRef = FEEF73481C8F8721003C246D /* Location.swift */; };
/* End PBXBuildFile section */

/* Begin PBXContainerItemProxy section */
		FEE046571C63FE56005269B6 /* PBXContainerItemProxy */ = {
			isa = PBXContainerItemProxy;
			containerPortal = FEE0463A1C63FE56005269B6 /* Project object */;
			proxyType = 1;
			remoteGlobalIDString = FEE046411C63FE56005269B6;
			remoteInfo = "AskMax-iOS";
		};
/* End PBXContainerItemProxy section */

/* Begin PBXFileReference section */
		2970C4AE11184F8E2933CCB7 /* Pods-AskMax-iOS.debug.xcconfig */ = {isa = PBXFileReference; includeInIndex = 1; lastKnownFileType = text.xcconfig; name = "Pods-AskMax-iOS.debug.xcconfig"; path = "Pods/Target Support Files/Pods-AskMax-iOS/Pods-AskMax-iOS.debug.xcconfig"; sourceTree = "<group>"; };
		4FF3F572292306A997FF1FB6 /* Pods-AskMax-iOS.release.xcconfig */ = {isa = PBXFileReference; includeInIndex = 1; lastKnownFileType = text.xcconfig; name = "Pods-AskMax-iOS.release.xcconfig"; path = "Pods/Target Support Files/Pods-AskMax-iOS/Pods-AskMax-iOS.release.xcconfig"; sourceTree = "<group>"; };
		9D0DFC68D237BEEBA66FAFD3 /* Pods_AskMax_iOS.framework */ = {isa = PBXFileReference; explicitFileType = wrapper.framework; includeInIndex = 0; path = Pods_AskMax_iOS.framework; sourceTree = BUILT_PRODUCTS_DIR; };
		FEE046421C63FE56005269B6 /* AskMax-iOS.app */ = {isa = PBXFileReference; explicitFileType = wrapper.application; includeInIndex = 0; path = "AskMax-iOS.app"; sourceTree = BUILT_PRODUCTS_DIR; };
		FEE046451C63FE56005269B6 /* AppDelegate.swift */ = {isa = PBXFileReference; lastKnownFileType = sourcecode.swift; path = AppDelegate.swift; sourceTree = "<group>"; };
		FEE046471C63FE56005269B6 /* ViewController.swift */ = {isa = PBXFileReference; lastKnownFileType = sourcecode.swift; path = ViewController.swift; sourceTree = "<group>"; };
		FEE0464A1C63FE56005269B6 /* Base */ = {isa = PBXFileReference; lastKnownFileType = file.storyboard; name = Base; path = Base.lproj/Main.storyboard; sourceTree = "<group>"; };
		FEE0464C1C63FE56005269B6 /* Assets.xcassets */ = {isa = PBXFileReference; lastKnownFileType = folder.assetcatalog; path = Assets.xcassets; sourceTree = "<group>"; };
		FEE0464F1C63FE56005269B6 /* Base */ = {isa = PBXFileReference; lastKnownFileType = file.storyboard; name = Base; path = Base.lproj/LaunchScreen.storyboard; sourceTree = "<group>"; };
		FEE046511C63FE56005269B6 /* Info.plist */ = {isa = PBXFileReference; lastKnownFileType = text.plist.xml; path = Info.plist; sourceTree = "<group>"; };
		FEE046561C63FE56005269B6 /* AskMax-iOSTests.xctest */ = {isa = PBXFileReference; explicitFileType = wrapper.cfbundle; includeInIndex = 0; path = "AskMax-iOSTests.xctest"; sourceTree = BUILT_PRODUCTS_DIR; };
		FEE0465A1C63FE56005269B6 /* AskMax_iOSTests.swift */ = {isa = PBXFileReference; lastKnownFileType = sourcecode.swift; path = AskMax_iOSTests.swift; sourceTree = "<group>"; };
		FEE0465C1C63FE56005269B6 /* Info.plist */ = {isa = PBXFileReference; lastKnownFileType = text.plist.xml; path = Info.plist; sourceTree = "<group>"; };
		FEE046691C640E04005269B6 /* common */ = {isa = PBXFileReference; lastKnownFileType = folder; path = common; sourceTree = "<group>"; };
		FEEF73461C8F8721003C246D /* Coordinate.swift */ = {isa = PBXFileReference; fileEncoding = 4; lastKnownFileType = sourcecode.swift; path = Coordinate.swift; sourceTree = "<group>"; };
		FEEF73471C8F8721003C246D /* DatabaseJSON.swift */ = {isa = PBXFileReference; fileEncoding = 4; lastKnownFileType = sourcecode.swift; path = DatabaseJSON.swift; sourceTree = "<group>"; };
		FEEF73481C8F8721003C246D /* Location.swift */ = {isa = PBXFileReference; fileEncoding = 4; lastKnownFileType = sourcecode.swift; path = Location.swift; sourceTree = "<group>"; };
/* End PBXFileReference section */

/* Begin PBXFrameworksBuildPhase section */
		FEE0463F1C63FE56005269B6 /* Frameworks */ = {
			isa = PBXFrameworksBuildPhase;
			buildActionMask = 2147483647;
			files = (
				B9D6555EC67C5A414B336163 /* Pods_AskMax_iOS.framework in Frameworks */,
			);
			runOnlyForDeploymentPostprocessing = 0;
		};
		FEE046531C63FE56005269B6 /* Frameworks */ = {
			isa = PBXFrameworksBuildPhase;
			buildActionMask = 2147483647;
			files = (
			);
			runOnlyForDeploymentPostprocessing = 0;
		};
/* End PBXFrameworksBuildPhase section */

/* Begin PBXGroup section */
		29B7E989F7F6DE468CA2EDE5 /* Pods */ = {
			isa = PBXGroup;
			children = (
				2970C4AE11184F8E2933CCB7 /* Pods-AskMax-iOS.debug.xcconfig */,
				4FF3F572292306A997FF1FB6 /* Pods-AskMax-iOS.release.xcconfig */,
			);
			name = Pods;
			sourceTree = "<group>";
		};
		D10F4E04DBF89D90AF17DE97 /* Frameworks */ = {
			isa = PBXGroup;
			children = (
				9D0DFC68D237BEEBA66FAFD3 /* Pods_AskMax_iOS.framework */,
			);
			name = Frameworks;
			sourceTree = "<group>";
		};
		FEE046391C63FE56005269B6 = {
			isa = PBXGroup;
			children = (
				FEE046441C63FE56005269B6 /* AskMax-iOS */,
				FEE046591C63FE56005269B6 /* AskMax-iOSTests */,
				FEE046431C63FE56005269B6 /* Products */,
				29B7E989F7F6DE468CA2EDE5 /* Pods */,
				D10F4E04DBF89D90AF17DE97 /* Frameworks */,
			);
			sourceTree = "<group>";
		};
		FEE046431C63FE56005269B6 /* Products */ = {
			isa = PBXGroup;
			children = (
				FEE046421C63FE56005269B6 /* AskMax-iOS.app */,
				FEE046561C63FE56005269B6 /* AskMax-iOSTests.xctest */,
			);
			name = Products;
			sourceTree = "<group>";
		};
		FEE046441C63FE56005269B6 /* AskMax-iOS */ = {
			isa = PBXGroup;
			children = (
				FEE046691C640E04005269B6 /* common */,
				FEEF73451C8F870D003C246D /* model */,
				FEE046451C63FE56005269B6 /* AppDelegate.swift */,
				FEE046471C63FE56005269B6 /* ViewController.swift */,
				FEE046491C63FE56005269B6 /* Main.storyboard */,
				FEE0464C1C63FE56005269B6 /* Assets.xcassets */,
				FEE0464E1C63FE56005269B6 /* LaunchScreen.storyboard */,
				FEE046511C63FE56005269B6 /* Info.plist */,
			);
			path = "AskMax-iOS";
			sourceTree = "<group>";
		};
		FEE046591C63FE56005269B6 /* AskMax-iOSTests */ = {
			isa = PBXGroup;
			children = (
				FEE0465A1C63FE56005269B6 /* AskMax_iOSTests.swift */,
				FEE0465C1C63FE56005269B6 /* Info.plist */,
			);
			path = "AskMax-iOSTests";
			sourceTree = "<group>";
		};
		FEEF73451C8F870D003C246D /* model */ = {
			isa = PBXGroup;
			children = (
				FEEF73461C8F8721003C246D /* Coordinate.swift */,
				FEEF73471C8F8721003C246D /* DatabaseJSON.swift */,
				FEEF73481C8F8721003C246D /* Location.swift */,
			);
			name = model;
			sourceTree = "<group>";
		};
/* End PBXGroup section */

/* Begin PBXNativeTarget section */
		FEE046411C63FE56005269B6 /* AskMax-iOS */ = {
			isa = PBXNativeTarget;
			buildConfigurationList = FEE0465F1C63FE56005269B6 /* Build configuration list for PBXNativeTarget "AskMax-iOS" */;
			buildPhases = (
				03A4547E23BC756E65F097F3 /* Check Pods Manifest.lock */,
				FEE0463E1C63FE56005269B6 /* Sources */,
				FEE0463F1C63FE56005269B6 /* Frameworks */,
				FEE046401C63FE56005269B6 /* Resources */,
				89B3C3AB30FCBA5C21FB0BAF /* Embed Pods Frameworks */,
				431550A00B7DC7DA34B4ABDF /* Copy Pods Resources */,
			);
			buildRules = (
			);
			dependencies = (
			);
			name = "AskMax-iOS";
			productName = "AskMax-iOS";
			productReference = FEE046421C63FE56005269B6 /* AskMax-iOS.app */;
			productType = "com.apple.product-type.application";
		};
		FEE046551C63FE56005269B6 /* AskMax-iOSTests */ = {
			isa = PBXNativeTarget;
			buildConfigurationList = FEE046621C63FE56005269B6 /* Build configuration list for PBXNativeTarget "AskMax-iOSTests" */;
			buildPhases = (
				FEE046521C63FE56005269B6 /* Sources */,
				FEE046531C63FE56005269B6 /* Frameworks */,
				FEE046541C63FE56005269B6 /* Resources */,
			);
			buildRules = (
			);
			dependencies = (
				FEE046581C63FE56005269B6 /* PBXTargetDependency */,
			);
			name = "AskMax-iOSTests";
			productName = "AskMax-iOSTests";
			productReference = FEE046561C63FE56005269B6 /* AskMax-iOSTests.xctest */;
			productType = "com.apple.product-type.bundle.unit-test";
		};
/* End PBXNativeTarget section */

/* Begin PBXProject section */
		FEE0463A1C63FE56005269B6 /* Project object */ = {
			isa = PBXProject;
			attributes = {
				LastSwiftUpdateCheck = 0720;
				LastUpgradeCheck = 0720;
				ORGANIZATIONNAME = "UWT Student Engineers";
				TargetAttributes = {
					FEE046411C63FE56005269B6 = {
						CreatedOnToolsVersion = 7.2;
						DevelopmentTeam = 6LSKV99P6F;
					};
					FEE046551C63FE56005269B6 = {
						CreatedOnToolsVersion = 7.2;
						DevelopmentTeam = 6LSKV99P6F;
						TestTargetID = FEE046411C63FE56005269B6;
					};
				};
			};
			buildConfigurationList = FEE0463D1C63FE56005269B6 /* Build configuration list for PBXProject "AskMax-iOS" */;
			compatibilityVersion = "Xcode 3.2";
			developmentRegion = English;
			hasScannedForEncodings = 0;
			knownRegions = (
				en,
				Base,
			);
			mainGroup = FEE046391C63FE56005269B6;
			productRefGroup = FEE046431C63FE56005269B6 /* Products */;
			projectDirPath = "";
			projectRoot = "";
			targets = (
				FEE046411C63FE56005269B6 /* AskMax-iOS */,
				FEE046551C63FE56005269B6 /* AskMax-iOSTests */,
			);
		};
/* End PBXProject section */

/* Begin PBXResourcesBuildPhase section */
		FEE046401C63FE56005269B6 /* Resources */ = {
			isa = PBXResourcesBuildPhase;
			buildActionMask = 2147483647;
			files = (
				FEE046501C63FE56005269B6 /* LaunchScreen.storyboard in Resources */,
				FEE0464D1C63FE56005269B6 /* Assets.xcassets in Resources */,
				FEE0464B1C63FE56005269B6 /* Main.storyboard in Resources */,
				FEE0466A1C640E04005269B6 /* common in Resources */,
			);
			runOnlyForDeploymentPostprocessing = 0;
		};
		FEE046541C63FE56005269B6 /* Resources */ = {
			isa = PBXResourcesBuildPhase;
			buildActionMask = 2147483647;
			files = (
			);
			runOnlyForDeploymentPostprocessing = 0;
		};
/* End PBXResourcesBuildPhase section */

/* Begin PBXShellScriptBuildPhase section */
		03A4547E23BC756E65F097F3 /* Check Pods Manifest.lock */ = {
			isa = PBXShellScriptBuildPhase;
			buildActionMask = 2147483647;
			files = (
			);
			inputPaths = (
			);
			name = "Check Pods Manifest.lock";
			outputPaths = (
			);
			runOnlyForDeploymentPostprocessing = 0;
			shellPath = /bin/sh;
			shellScript = "diff \"${PODS_ROOT}/../Podfile.lock\" \"${PODS_ROOT}/Manifest.lock\" > /dev/null\nif [[ $? != 0 ]] ; then\n    cat << EOM\nerror: The sandbox is not in sync with the Podfile.lock. Run 'pod install' or update your CocoaPods installation.\nEOM\n    exit 1\nfi\n";
			showEnvVarsInLog = 0;
		};
		431550A00B7DC7DA34B4ABDF /* Copy Pods Resources */ = {
			isa = PBXShellScriptBuildPhase;
			buildActionMask = 2147483647;
			files = (
			);
			inputPaths = (
			);
			name = "Copy Pods Resources";
			outputPaths = (
			);
			runOnlyForDeploymentPostprocessing = 0;
			shellPath = /bin/sh;
			shellScript = "\"${SRCROOT}/Pods/Target Support Files/Pods-AskMax-iOS/Pods-AskMax-iOS-resources.sh\"\n";
			showEnvVarsInLog = 0;
		};
		89B3C3AB30FCBA5C21FB0BAF /* Embed Pods Frameworks */ = {
			isa = PBXShellScriptBuildPhase;
			buildActionMask = 2147483647;
			files = (
			);
			inputPaths = (
			);
			name = "Embed Pods Frameworks";
			outputPaths = (
			);
			runOnlyForDeploymentPostprocessing = 0;
			shellPath = /bin/sh;
			shellScript = "\"${SRCROOT}/Pods/Target Support Files/Pods-AskMax-iOS/Pods-AskMax-iOS-frameworks.sh\"\n";
			showEnvVarsInLog = 0;
		};
/* End PBXShellScriptBuildPhase section */

/* Begin PBXSourcesBuildPhase section */
		FEE0463E1C63FE56005269B6 /* Sources */ = {
			isa = PBXSourcesBuildPhase;
			buildActionMask = 2147483647;
			files = (
				FEEF734A1C8F8721003C246D /* DatabaseJSON.swift in Sources */,
				FEE046481C63FE56005269B6 /* ViewController.swift in Sources */,
				FEEF734B1C8F8721003C246D /* Location.swift in Sources */,
				FEE046461C63FE56005269B6 /* AppDelegate.swift in Sources */,
				FEEF73491C8F8721003C246D /* Coordinate.swift in Sources */,
			);
			runOnlyForDeploymentPostprocessing = 0;
		};
		FEE046521C63FE56005269B6 /* Sources */ = {
			isa = PBXSourcesBuildPhase;
			buildActionMask = 2147483647;
			files = (
				FEE0465B1C63FE56005269B6 /* AskMax_iOSTests.swift in Sources */,
			);
			runOnlyForDeploymentPostprocessing = 0;
		};
/* End PBXSourcesBuildPhase section */

/* Begin PBXTargetDependency section */
		FEE046581C63FE56005269B6 /* PBXTargetDependency */ = {
			isa = PBXTargetDependency;
			target = FEE046411C63FE56005269B6 /* AskMax-iOS */;
			targetProxy = FEE046571C63FE56005269B6 /* PBXContainerItemProxy */;
		};
/* End PBXTargetDependency section */

/* Begin PBXVariantGroup section */
		FEE046491C63FE56005269B6 /* Main.storyboard */ = {
			isa = PBXVariantGroup;
			children = (
				FEE0464A1C63FE56005269B6 /* Base */,
			);
			name = Main.storyboard;
			sourceTree = "<group>";
		};
		FEE0464E1C63FE56005269B6 /* LaunchScreen.storyboard */ = {
			isa = PBXVariantGroup;
			children = (
				FEE0464F1C63FE56005269B6 /* Base */,
			);
			name = LaunchScreen.storyboard;
			sourceTree = "<group>";
		};
/* End PBXVariantGroup section */

/* Begin XCBuildConfiguration section */
		FEE0465D1C63FE56005269B6 /* Debug */ = {
			isa = XCBuildConfiguration;
			buildSettings = {
				ALWAYS_SEARCH_USER_PATHS = NO;
				CLANG_CXX_LANGUAGE_STANDARD = "gnu++0x";
				CLANG_CXX_LIBRARY = "libc++";
				CLANG_ENABLE_MODULES = YES;
				CLANG_ENABLE_OBJC_ARC = YES;
				CLANG_WARN_BOOL_CONVERSION = YES;
				CLANG_WARN_CONSTANT_CONVERSION = YES;
				CLANG_WARN_DIRECT_OBJC_ISA_USAGE = YES_ERROR;
				CLANG_WARN_EMPTY_BODY = YES;
				CLANG_WARN_ENUM_CONVERSION = YES;
				CLANG_WARN_INT_CONVERSION = YES;
				CLANG_WARN_OBJC_ROOT_CLASS = YES_ERROR;
				CLANG_WARN_UNREACHABLE_CODE = YES;
				CLANG_WARN__DUPLICATE_METHOD_MATCH = YES;
				"CODE_SIGN_IDENTITY[sdk=iphoneos*]" = "iPhone Developer";
				COPY_PHASE_STRIP = NO;
				DEBUG_INFORMATION_FORMAT = dwarf;
				ENABLE_STRICT_OBJC_MSGSEND = YES;
				ENABLE_TESTABILITY = YES;
				GCC_C_LANGUAGE_STANDARD = gnu99;
				GCC_DYNAMIC_NO_PIC = NO;
				GCC_NO_COMMON_BLOCKS = YES;
				GCC_OPTIMIZATION_LEVEL = 0;
				GCC_PREPROCESSOR_DEFINITIONS = (
					"DEBUG=1",
					"$(inherited)",
				);
				GCC_WARN_64_TO_32_BIT_CONVERSION = YES;
				GCC_WARN_ABOUT_RETURN_TYPE = YES_ERROR;
				GCC_WARN_UNDECLARED_SELECTOR = YES;
				GCC_WARN_UNINITIALIZED_AUTOS = YES_AGGRESSIVE;
				GCC_WARN_UNUSED_FUNCTION = YES;
				GCC_WARN_UNUSED_VARIABLE = YES;
				IPHONEOS_DEPLOYMENT_TARGET = 9.2;
				MTL_ENABLE_DEBUG_INFO = YES;
				ONLY_ACTIVE_ARCH = YES;
				SDKROOT = iphoneos;
				SWIFT_OPTIMIZATION_LEVEL = "-Onone";
				TARGETED_DEVICE_FAMILY = "1,2";
			};
			name = Debug;
		};
		FEE0465E1C63FE56005269B6 /* Release */ = {
			isa = XCBuildConfiguration;
			buildSettings = {
				ALWAYS_SEARCH_USER_PATHS = NO;
				CLANG_CXX_LANGUAGE_STANDARD = "gnu++0x";
				CLANG_CXX_LIBRARY = "libc++";
				CLANG_ENABLE_MODULES = YES;
				CLANG_ENABLE_OBJC_ARC = YES;
				CLANG_WARN_BOOL_CONVERSION = YES;
				CLANG_WARN_CONSTANT_CONVERSION = YES;
				CLANG_WARN_DIRECT_OBJC_ISA_USAGE = YES_ERROR;
				CLANG_WARN_EMPTY_BODY = YES;
				CLANG_WARN_ENUM_CONVERSION = YES;
				CLANG_WARN_INT_CONVERSION = YES;
				CLANG_WARN_OBJC_ROOT_CLASS = YES_ERROR;
				CLANG_WARN_UNREACHABLE_CODE = YES;
				CLANG_WARN__DUPLICATE_METHOD_MATCH = YES;
				"CODE_SIGN_IDENTITY[sdk=iphoneos*]" = "iPhone Developer";
				COPY_PHASE_STRIP = NO;
				DEBUG_INFORMATION_FORMAT = "dwarf-with-dsym";
				ENABLE_NS_ASSERTIONS = NO;
				ENABLE_STRICT_OBJC_MSGSEND = YES;
				GCC_C_LANGUAGE_STANDARD = gnu99;
				GCC_NO_COMMON_BLOCKS = YES;
				GCC_WARN_64_TO_32_BIT_CONVERSION = YES;
				GCC_WARN_ABOUT_RETURN_TYPE = YES_ERROR;
				GCC_WARN_UNDECLARED_SELECTOR = YES;
				GCC_WARN_UNINITIALIZED_AUTOS = YES_AGGRESSIVE;
				GCC_WARN_UNUSED_FUNCTION = YES;
				GCC_WARN_UNUSED_VARIABLE = YES;
				IPHONEOS_DEPLOYMENT_TARGET = 9.2;
				MTL_ENABLE_DEBUG_INFO = NO;
				SDKROOT = iphoneos;
				TARGETED_DEVICE_FAMILY = "1,2";
				VALIDATE_PRODUCT = YES;
			};
			name = Release;
		};
		FEE046601C63FE56005269B6 /* Debug */ = {
			isa = XCBuildConfiguration;
			baseConfigurationReference = 2970C4AE11184F8E2933CCB7 /* Pods-AskMax-iOS.debug.xcconfig */;
			buildSettings = {
				ASSETCATALOG_COMPILER_APPICON_NAME = AppIcon;
				INFOPLIST_FILE = "AskMax-iOS/Info.plist";
				LD_RUNPATH_SEARCH_PATHS = "$(inherited) @executable_path/Frameworks";
				PRODUCT_BUNDLE_IDENTIFIER = "edu.uw.AskMax-iOS";
				PRODUCT_NAME = "$(TARGET_NAME)";
			};
			name = Debug;
		};
		FEE046611C63FE56005269B6 /* Release */ = {
			isa = XCBuildConfiguration;
			baseConfigurationReference = 4FF3F572292306A997FF1FB6 /* Pods-AskMax-iOS.release.xcconfig */;
			buildSettings = {
				ASSETCATALOG_COMPILER_APPICON_NAME = AppIcon;
				INFOPLIST_FILE = "AskMax-iOS/Info.plist";
				LD_RUNPATH_SEARCH_PATHS = "$(inherited) @executable_path/Frameworks";
				PRODUCT_BUNDLE_IDENTIFIER = "edu.uw.AskMax-iOS";
				PRODUCT_NAME = "$(TARGET_NAME)";
			};
			name = Release;
		};
		FEE046631C63FE56005269B6 /* Debug */ = {
			isa = XCBuildConfiguration;
			buildSettings = {
				BUNDLE_LOADER = "$(TEST_HOST)";
				INFOPLIST_FILE = "AskMax-iOSTests/Info.plist";
				LD_RUNPATH_SEARCH_PATHS = "$(inherited) @executable_path/Frameworks @loader_path/Frameworks";
				PRODUCT_BUNDLE_IDENTIFIER = "edu.uw.AskMax-iOSTests";
				PRODUCT_NAME = "$(TARGET_NAME)";
				TEST_HOST = "$(BUILT_PRODUCTS_DIR)/AskMax-iOS.app/AskMax-iOS";
			};
			name = Debug;
		};
		FEE046641C63FE56005269B6 /* Release */ = {
			isa = XCBuildConfiguration;
			buildSettings = {
				BUNDLE_LOADER = "$(TEST_HOST)";
				INFOPLIST_FILE = "AskMax-iOSTests/Info.plist";
				LD_RUNPATH_SEARCH_PATHS = "$(inherited) @executable_path/Frameworks @loader_path/Frameworks";
				PRODUCT_BUNDLE_IDENTIFIER = "edu.uw.AskMax-iOSTests";
				PRODUCT_NAME = "$(TARGET_NAME)";
				TEST_HOST = "$(BUILT_PRODUCTS_DIR)/AskMax-iOS.app/AskMax-iOS";
			};
			name = Release;
		};
/* End XCBuildConfiguration section */

/* Begin XCConfigurationList section */
		FEE0463D1C63FE56005269B6 /* Build configuration list for PBXProject "AskMax-iOS" */ = {
			isa = XCConfigurationList;
			buildConfigurations = (
				FEE0465D1C63FE56005269B6 /* Debug */,
				FEE0465E1C63FE56005269B6 /* Release */,
			);
			defaultConfigurationIsVisible = 0;
			defaultConfigurationName = Release;
		};
		FEE0465F1C63FE56005269B6 /* Build configuration list for PBXNativeTarget "AskMax-iOS" */ = {
			isa = XCConfigurationList;
			buildConfigurations = (
				FEE046601C63FE56005269B6 /* Debug */,
				FEE046611C63FE56005269B6 /* Release */,
			);
			defaultConfigurationIsVisible = 0;
			defaultConfigurationName = Release;
		};
		FEE046621C63FE56005269B6 /* Build configuration list for PBXNativeTarget "AskMax-iOSTests" */ = {
			isa = XCConfigurationList;
			buildConfigurations = (
				FEE046631C63FE56005269B6 /* Debug */,
				FEE046641C63FE56005269B6 /* Release */,
			);
			defaultConfigurationIsVisible = 0;
			defaultConfigurationName = Release;
		};
/* End XCConfigurationList section */
	};
	rootObject = FEE0463A1C63FE56005269B6 /* Project object */;
}
